
Microsoft Visual Studio Solution File, Format Version 12.00
# Visual Studio Version 16
VisualStudioVersion = 16.0.30128.74
MinimumVisualStudioVersion = 10.0.40219.1
Project("{FAE04EC0-301F-11D3-BF4B-00C04F79EFBC}") = "SE-PlayerGrace", "SE-PlayerGrace.csproj", "{B978FE20-8E5E-4958-BD79-FC9B5C6D36DC}"
EndProject
Global
	GlobalSection(SolutionConfigurationPlatforms) = preSolution
		Debug|Any CPU = Debug|Any CPU
		Release|Any CPU = Release|Any CPU
	EndGlobalSection
	GlobalSection(ProjectConfigurationPlatforms) = postSolution
		{B978FE20-8E5E-4958-BD79-FC9B5C6D36DC}.Debug|Any CPU.ActiveCfg = Debug|Any CPU
		{B978FE20-8E5E-4958-BD79-FC9B5C6D36DC}.Debug|Any CPU.Build.0 = Debug|Any CPU
		{B978FE20-8E5E-4958-BD79-FC9B5C6D36DC}.Release|Any CPU.ActiveCfg = Release|Any CPU
		{B978FE20-8E5E-4958-BD79-FC9B5C6D36DC}.Release|Any CPU.Build.0 = Release|Any CPU
	EndGlobalSection
	GlobalSection(SolutionProperties) = preSolution
		HideSolutionNode = FALSE
	EndGlobalSection
	GlobalSection(ExtensibilityGlobals) = postSolution
		SolutionGuid = {789A3ABC-9AB0-4E5B-AF2E-D3A5B9748AFD}
	EndGlobalSection
EndGlobal
